
Microsoft Visual Studio Solution File, Format Version 12.00
# Visual Studio Version 17
VisualStudioVersion = 17.6.33815.320
MinimumVisualStudioVersion = 10.0.40219.1
Project("{FAE04EC0-301F-11D3-BF4B-00C04F79EFBC}") = "CartManagement", "CartManagement\CartManagement.csproj", "{5C25787B-9D84-4AA6-96FB-6D4821DB303E}"
EndProject
Global
	GlobalSection(SolutionConfigurationPlatforms) = preSolution
		Debug|Any CPU = Debug|Any CPU
		Release|Any CPU = Release|Any CPU
	EndGlobalSection
	GlobalSection(ProjectConfigurationPlatforms) = postSolution
		{5C25787B-9D84-4AA6-96FB-6D4821DB303E}.Debug|Any CPU.ActiveCfg = Debug|Any CPU
		{5C25787B-9D84-4AA6-96FB-6D4821DB303E}.Debug|Any CPU.Build.0 = Debug|Any CPU
		{5C25787B-9D84-4AA6-96FB-6D4821DB303E}.Release|Any CPU.ActiveCfg = Release|Any CPU
		{5C25787B-9D84-4AA6-96FB-6D4821DB303E}.Release|Any CPU.Build.0 = Release|Any CPU
	EndGlobalSection
	GlobalSection(SolutionProperties) = preSolution
		HideSolutionNode = FALSE
	EndGlobalSection
	GlobalSection(ExtensibilityGlobals) = postSolution
		SolutionGuid = {50BD38AD-CAB6-48CA-B23B-24ED60BB0986}
	EndGlobalSection
EndGlobal
